
Microsoft Visual Studio Solution File, Format Version 11.00
# Visual Studio 2010
Project("{FAE04EC0-301F-11D3-BF4B-00C04F79EFBC}") = "PTreeView", "PTreeView\PTreeView.csproj", "{F13C6C7D-D463-458B-8273-868591A88267}"
EndProject
Global
	GlobalSection(SolutionConfigurationPlatforms) = preSolution
		Debug|x86 = Debug|x86
		Release|x86 = Release|x86
	EndGlobalSection
	GlobalSection(ProjectConfigurationPlatforms) = postSolution
		{F13C6C7D-D463-458B-8273-868591A88267}.Debug|x86.ActiveCfg = Debug|x86
		{F13C6C7D-D463-458B-8273-868591A88267}.Debug|x86.Build.0 = Debug|x86
		{F13C6C7D-D463-458B-8273-868591A88267}.Release|x86.ActiveCfg = Release|x86
		{F13C6C7D-D463-458B-8273-868591A88267}.Release|x86.Build.0 = Release|x86
	EndGlobalSection
	GlobalSection(MonoDevelopProperties) = preSolution
		StartupItem = PTreeView\PTreeView.csproj
	EndGlobalSection
EndGlobal
